
Microsoft Visual Studio Solution File, Format Version 12.00
# Visual Studio 14
VisualStudioVersion = 14.0.25420.1
MinimumVisualStudioVersion = 10.0.40219.1
Project("{D954291E-2A0B-460D-934E-DC6B0785DB48}") = "XFSX_Test_1", "XFSX_Test_1\XFSX_Test_1\XFSX_Test_1.shproj", "{47D13EF3-E077-447A-A5B6-C8EF5A2A3879}"
EndProject
Project("{FAE04EC0-301F-11D3-BF4B-00C04F79EFBC}") = "XFSX_Test_1.Droid", "XFSX_Test_1\XFSX_Test_1.Droid\XFSX_Test_1.Droid.csproj", "{1A9B18AD-662C-457F-BC2D-A95EA2BED23A}"
EndProject
Project("{FAE04EC0-301F-11D3-BF4B-00C04F79EFBC}") = "XFSX_Test_1.iOS", "XFSX_Test_1\XFSX_Test_1.iOS\XFSX_Test_1.iOS.csproj", "{052500F1-4A03-4BB3-BDD2-34B5309563E0}"
EndProject
Project("{FAE04EC0-301F-11D3-BF4B-00C04F79EFBC}") = "XFSX_Test_1.WinPhone", "XFSX_Test_1\XFSX_Test_1.WinPhone\XFSX_Test_1.WinPhone.csproj", "{51AD5233-59A6-4802-ADFA-65CB5FB43B56}"
EndProject
Project("{FAE04EC0-301F-11D3-BF4B-00C04F79EFBC}") = "XFSX_Test_1.Windows", "XFSX_Test_1\XFSX_Test_1.Windows\XFSX_Test_1.Windows.csproj", "{ED3D4F10-B78A-4F22-83EB-675F77C05F1C}"
EndProject
Global
	GlobalSection(SharedMSBuildProjectFiles) = preSolution
		XFSX_Test_1\XFSX_Test_1\XFSX_Test_1.projitems*{052500f1-4a03-4bb3-bdd2-34b5309563e0}*SharedItemsImports = 4
		XFSX_Test_1\XFSX_Test_1\XFSX_Test_1.projitems*{1a9b18ad-662c-457f-bc2d-a95ea2bed23a}*SharedItemsImports = 4
		XFSX_Test_1\XFSX_Test_1\XFSX_Test_1.projitems*{47d13ef3-e077-447a-a5b6-c8ef5a2a3879}*SharedItemsImports = 13
		XFSX_Test_1\XFSX_Test_1\XFSX_Test_1.projitems*{51ad5233-59a6-4802-adfa-65cb5fb43b56}*SharedItemsImports = 4
		XFSX_Test_1\XFSX_Test_1\XFSX_Test_1.projitems*{ed3d4f10-b78a-4f22-83eb-675f77c05f1c}*SharedItemsImports = 4
	EndGlobalSection
	GlobalSection(SolutionConfigurationPlatforms) = preSolution
		Ad-Hoc|Any CPU = Ad-Hoc|Any CPU
		Ad-Hoc|ARM = Ad-Hoc|ARM
		Ad-Hoc|iPhone = Ad-Hoc|iPhone
		Ad-Hoc|iPhoneSimulator = Ad-Hoc|iPhoneSimulator
		Ad-Hoc|x64 = Ad-Hoc|x64
		Ad-Hoc|x86 = Ad-Hoc|x86
		AppStore|Any CPU = AppStore|Any CPU
		AppStore|ARM = AppStore|ARM
		AppStore|iPhone = AppStore|iPhone
		AppStore|iPhoneSimulator = AppStore|iPhoneSimulator
		AppStore|x64 = AppStore|x64
		AppStore|x86 = AppStore|x86
		Debug|Any CPU = Debug|Any CPU
		Debug|ARM = Debug|ARM
		Debug|iPhone = Debug|iPhone
		Debug|iPhoneSimulator = Debug|iPhoneSimulator
		Debug|x64 = Debug|x64
		Debug|x86 = Debug|x86
		Release|Any CPU = Release|Any CPU
		Release|ARM = Release|ARM
		Release|iPhone = Release|iPhone
		Release|iPhoneSimulator = Release|iPhoneSimulator
		Release|x64 = Release|x64
		Release|x86 = Release|x86
	EndGlobalSection
	GlobalSection(ProjectConfigurationPlatforms) = postSolution
		{1A9B18AD-662C-457F-BC2D-A95EA2BED23A}.Ad-Hoc|Any CPU.ActiveCfg = Release|Any CPU
		{1A9B18AD-662C-457F-BC2D-A95EA2BED23A}.Ad-Hoc|Any CPU.Build.0 = Release|Any CPU
		{1A9B18AD-662C-457F-BC2D-A95EA2BED23A}.Ad-Hoc|Any CPU.Deploy.0 = Release|Any CPU
		{1A9B18AD-662C-457F-BC2D-A95EA2BED23A}.Ad-Hoc|ARM.ActiveCfg = Release|Any CPU
		{1A9B18AD-662C-457F-BC2D-A95EA2BED23A}.Ad-Hoc|ARM.Build.0 = Release|Any CPU
		{1A9B18AD-662C-457F-BC2D-A95EA2BED23A}.Ad-Hoc|ARM.Deploy.0 = Release|Any CPU
		{1A9B18AD-662C-457F-BC2D-A95EA2BED23A}.Ad-Hoc|iPhone.ActiveCfg = Release|Any CPU
		{1A9B18AD-662C-457F-BC2D-A95EA2BED23A}.Ad-Hoc|iPhone.Build.0 = Release|Any CPU
		{1A9B18AD-662C-457F-BC2D-A95EA2BED23A}.Ad-Hoc|iPhone.Deploy.0 = Release|Any CPU
		{1A9B18AD-662C-457F-BC2D-A95EA2BED23A}.Ad-Hoc|iPhoneSimulator.ActiveCfg = Release|Any CPU
		{1A9B18AD-662C-457F-BC2D-A95EA2BED23A}.Ad-Hoc|iPhoneSimulator.Build.0 = Release|Any CPU
		{1A9B18AD-662C-457F-BC2D-A95EA2BED23A}.Ad-Hoc|iPhoneSimulator.Deploy.0 = Release|Any CPU
		{1A9B18AD-662C-457F-BC2D-A95EA2BED23A}.Ad-Hoc|x64.ActiveCfg = Release|Any CPU
		{1A9B18AD-662C-457F-BC2D-A95EA2BED23A}.Ad-Hoc|x64.Build.0 = Release|Any CPU
		{1A9B18AD-662C-457F-BC2D-A95EA2BED23A}.Ad-Hoc|x64.Deploy.0 = Release|Any CPU
		{1A9B18AD-662C-457F-BC2D-A95EA2BED23A}.Ad-Hoc|x86.ActiveCfg = Release|Any CPU
		{1A9B18AD-662C-457F-BC2D-A95EA2BED23A}.Ad-Hoc|x86.Build.0 = Release|Any CPU
		{1A9B18AD-662C-457F-BC2D-A95EA2BED23A}.Ad-Hoc|x86.Deploy.0 = Release|Any CPU
		{1A9B18AD-662C-457F-BC2D-A95EA2BED23A}.AppStore|Any CPU.ActiveCfg = Release|Any CPU
		{1A9B18AD-662C-457F-BC2D-A95EA2BED23A}.AppStore|Any CPU.Build.0 = Release|Any CPU
		{1A9B18AD-662C-457F-BC2D-A95EA2BED23A}.AppStore|Any CPU.Deploy.0 = Release|Any CPU
		{1A9B18AD-662C-457F-BC2D-A95EA2BED23A}.AppStore|ARM.ActiveCfg = Release|Any CPU
		{1A9B18AD-662C-457F-BC2D-A95EA2BED23A}.AppStore|ARM.Build.0 = Release|Any CPU
		{1A9B18AD-662C-457F-BC2D-A95EA2BED23A}.AppStore|ARM.Deploy.0 = Release|Any CPU
		{1A9B18AD-662C-457F-BC2D-A95EA2BED23A}.AppStore|iPhone.ActiveCfg = Release|Any CPU
		{1A9B18AD-662C-457F-BC2D-A95EA2BED23A}.AppStore|iPhone.Build.0 = Release|Any CPU
		{1A9B18AD-662C-457F-BC2D-A95EA2BED23A}.AppStore|iPhone.Deploy.0 = Release|Any CPU
		{1A9B18AD-662C-457F-BC2D-A95EA2BED23A}.AppStore|iPhoneSimulator.ActiveCfg = Release|Any CPU
		{1A9B18AD-662C-457F-BC2D-A95EA2BED23A}.AppStore|iPhoneSimulator.Build.0 = Release|Any CPU
		{1A9B18AD-662C-457F-BC2D-A95EA2BED23A}.AppStore|iPhoneSimulator.Deploy.0 = Release|Any CPU
		{1A9B18AD-662C-457F-BC2D-A95EA2BED23A}.AppStore|x64.ActiveCfg = Release|Any CPU
		{1A9B18AD-662C-457F-BC2D-A95EA2BED23A}.AppStore|x64.Build.0 = Release|Any CPU
		{1A9B18AD-662C-457F-BC2D-A95EA2BED23A}.AppStore|x64.Deploy.0 = Release|Any CPU
		{1A9B18AD-662C-457F-BC2D-A95EA2BED23A}.AppStore|x86.ActiveCfg = Release|Any CPU
		{1A9B18AD-662C-457F-BC2D-A95EA2BED23A}.AppStore|x86.Build.0 = Release|Any CPU
		{1A9B18AD-662C-457F-BC2D-A95EA2BED23A}.AppStore|x86.Deploy.0 = Release|Any CPU
		{1A9B18AD-662C-457F-BC2D-A95EA2BED23A}.Debug|Any CPU.ActiveCfg = Debug|Any CPU
		{1A9B18AD-662C-457F-BC2D-A95EA2BED23A}.Debug|Any CPU.Build.0 = Debug|Any CPU
		{1A9B18AD-662C-457F-BC2D-A95EA2BED23A}.Debug|Any CPU.Deploy.0 = Debug|Any CPU
		{1A9B18AD-662C-457F-BC2D-A95EA2BED23A}.Debug|ARM.ActiveCfg = Debug|Any CPU
		{1A9B18AD-662C-457F-BC2D-A95EA2BED23A}.Debug|ARM.Build.0 = Debug|Any CPU
		{1A9B18AD-662C-457F-BC2D-A95EA2BED23A}.Debug|ARM.Deploy.0 = Debug|Any CPU
		{1A9B18AD-662C-457F-BC2D-A95EA2BED23A}.Debug|iPhone.ActiveCfg = Debug|Any CPU
		{1A9B18AD-662C-457F-BC2D-A95EA2BED23A}.Debug|iPhone.Build.0 = Debug|Any CPU
		{1A9B18AD-662C-457F-BC2D-A95EA2BED23A}.Debug|iPhone.Deploy.0 = Debug|Any CPU
		{1A9B18AD-662C-457F-BC2D-A95EA2BED23A}.Debug|iPhoneSimulator.ActiveCfg = Debug|Any CPU
		{1A9B18AD-662C-457F-BC2D-A95EA2BED23A}.Debug|iPhoneSimulator.Build.0 = Debug|Any CPU
		{1A9B18AD-662C-457F-BC2D-A95EA2BED23A}.Debug|iPhoneSimulator.Deploy.0 = Debug|Any CPU
		{1A9B18AD-662C-457F-BC2D-A95EA2BED23A}.Debug|x64.ActiveCfg = Debug|Any CPU
		{1A9B18AD-662C-457F-BC2D-A95EA2BED23A}.Debug|x64.Build.0 = Debug|Any CPU
		{1A9B18AD-662C-457F-BC2D-A95EA2BED23A}.Debug|x64.Deploy.0 = Debug|Any CPU
		{1A9B18AD-662C-457F-BC2D-A95EA2BED23A}.Debug|x86.ActiveCfg = Debug|Any CPU
		{1A9B18AD-662C-457F-BC2D-A95EA2BED23A}.Debug|x86.Build.0 = Debug|Any CPU
		{1A9B18AD-662C-457F-BC2D-A95EA2BED23A}.Debug|x86.Deploy.0 = Debug|Any CPU
		{1A9B18AD-662C-457F-BC2D-A95EA2BED23A}.Release|Any CPU.ActiveCfg = Release|Any CPU
		{1A9B18AD-662C-457F-BC2D-A95EA2BED23A}.Release|Any CPU.Build.0 = Release|Any CPU
		{1A9B18AD-662C-457F-BC2D-A95EA2BED23A}.Release|Any CPU.Deploy.0 = Release|Any CPU
		{1A9B18AD-662C-457F-BC2D-A95EA2BED23A}.Release|ARM.ActiveCfg = Release|Any CPU
		{1A9B18AD-662C-457F-BC2D-A95EA2BED23A}.Release|ARM.Build.0 = Release|Any CPU
		{1A9B18AD-662C-457F-BC2D-A95EA2BED23A}.Release|ARM.Deploy.0 = Release|Any CPU
		{1A9B18AD-662C-457F-BC2D-A95EA2BED23A}.Release|iPhone.ActiveCfg = Release|Any CPU
		{1A9B18AD-662C-457F-BC2D-A95EA2BED23A}.Release|iPhone.Build.0 = Release|Any CPU
		{1A9B18AD-662C-457F-BC2D-A95EA2BED23A}.Release|iPhone.Deploy.0 = Release|Any CPU
		{1A9B18AD-662C-457F-BC2D-A95EA2BED23A}.Release|iPhoneSimulator.ActiveCfg = Release|Any CPU
		{1A9B18AD-662C-457F-BC2D-A95EA2BED23A}.Release|iPhoneSimulator.Build.0 = Release|Any CPU
		{1A9B18AD-662C-457F-BC2D-A95EA2BED23A}.Release|iPhoneSimulator.Deploy.0 = Release|Any CPU
		{1A9B18AD-662C-457F-BC2D-A95EA2BED23A}.Release|x64.ActiveCfg = Release|Any CPU
		{1A9B18AD-662C-457F-BC2D-A95EA2BED23A}.Release|x64.Build.0 = Release|Any CPU
		{1A9B18AD-662C-457F-BC2D-A95EA2BED23A}.Release|x64.Deploy.0 = Release|Any CPU
		{1A9B18AD-662C-457F-BC2D-A95EA2BED23A}.Release|x86.ActiveCfg = Release|Any CPU
		{1A9B18AD-662C-457F-BC2D-A95EA2BED23A}.Release|x86.Build.0 = Release|Any CPU
		{1A9B18AD-662C-457F-BC2D-A95EA2BED23A}.Release|x86.Deploy.0 = Release|Any CPU
		{052500F1-4A03-4BB3-BDD2-34B5309563E0}.Ad-Hoc|Any CPU.ActiveCfg = Ad-Hoc|iPhone
		{052500F1-4A03-4BB3-BDD2-34B5309563E0}.Ad-Hoc|ARM.ActiveCfg = Ad-Hoc|iPhone
		{052500F1-4A03-4BB3-BDD2-34B5309563E0}.Ad-Hoc|iPhone.ActiveCfg = Ad-Hoc|iPhone
		{052500F1-4A03-4BB3-BDD2-34B5309563E0}.Ad-Hoc|iPhone.Build.0 = Ad-Hoc|iPhone
		{052500F1-4A03-4BB3-BDD2-34B5309563E0}.Ad-Hoc|iPhoneSimulator.ActiveCfg = Ad-Hoc|iPhoneSimulator
		{052500F1-4A03-4BB3-BDD2-34B5309563E0}.Ad-Hoc|iPhoneSimulator.Build.0 = Ad-Hoc|iPhoneSimulator
		{052500F1-4A03-4BB3-BDD2-34B5309563E0}.Ad-Hoc|x64.ActiveCfg = Ad-Hoc|iPhone
		{052500F1-4A03-4BB3-BDD2-34B5309563E0}.Ad-Hoc|x86.ActiveCfg = Ad-Hoc|iPhone
		{052500F1-4A03-4BB3-BDD2-34B5309563E0}.AppStore|Any CPU.ActiveCfg = AppStore|iPhone
		{052500F1-4A03-4BB3-BDD2-34B5309563E0}.AppStore|ARM.ActiveCfg = AppStore|iPhone
		{052500F1-4A03-4BB3-BDD2-34B5309563E0}.AppStore|iPhone.ActiveCfg = AppStore|iPhone
		{052500F1-4A03-4BB3-BDD2-34B5309563E0}.AppStore|iPhone.Build.0 = AppStore|iPhone
		{052500F1-4A03-4BB3-BDD2-34B5309563E0}.AppStore|iPhoneSimulator.ActiveCfg = AppStore|iPhoneSimulator
		{052500F1-4A03-4BB3-BDD2-34B5309563E0}.AppStore|iPhoneSimulator.Build.0 = AppStore|iPhoneSimulator
		{052500F1-4A03-4BB3-BDD2-34B5309563E0}.AppStore|x64.ActiveCfg = AppStore|iPhone
		{052500F1-4A03-4BB3-BDD2-34B5309563E0}.AppStore|x86.ActiveCfg = AppStore|iPhone
		{052500F1-4A03-4BB3-BDD2-34B5309563E0}.Debug|Any CPU.ActiveCfg = Debug|iPhone
		{052500F1-4A03-4BB3-BDD2-34B5309563E0}.Debug|ARM.ActiveCfg = Debug|iPhone
		{052500F1-4A03-4BB3-BDD2-34B5309563E0}.Debug|iPhone.ActiveCfg = Debug|iPhone
		{052500F1-4A03-4BB3-BDD2-34B5309563E0}.Debug|iPhone.Build.0 = Debug|iPhone
		{052500F1-4A03-4BB3-BDD2-34B5309563E0}.Debug|iPhoneSimulator.ActiveCfg = Debug|iPhoneSimulator
		{052500F1-4A03-4BB3-BDD2-34B5309563E0}.Debug|iPhoneSimulator.Build.0 = Debug|iPhoneSimulator
		{052500F1-4A03-4BB3-BDD2-34B5309563E0}.Debug|x64.ActiveCfg = Debug|iPhone
		{052500F1-4A03-4BB3-BDD2-34B5309563E0}.Debug|x86.ActiveCfg = Debug|iPhone
		{052500F1-4A03-4BB3-BDD2-34B5309563E0}.Release|Any CPU.ActiveCfg = Release|iPhone
		{052500F1-4A03-4BB3-BDD2-34B5309563E0}.Release|ARM.ActiveCfg = Release|iPhone
		{052500F1-4A03-4BB3-BDD2-34B5309563E0}.Release|iPhone.ActiveCfg = Release|iPhone
		{052500F1-4A03-4BB3-BDD2-34B5309563E0}.Release|iPhone.Build.0 = Release|iPhone
		{052500F1-4A03-4BB3-BDD2-34B5309563E0}.Release|iPhoneSimulator.ActiveCfg = Release|iPhoneSimulator
		{052500F1-4A03-4BB3-BDD2-34B5309563E0}.Release|iPhoneSimulator.Build.0 = Release|iPhoneSimulator
		{052500F1-4A03-4BB3-BDD2-34B5309563E0}.Release|x64.ActiveCfg = Release|iPhone
		{052500F1-4A03-4BB3-BDD2-34B5309563E0}.Release|x86.ActiveCfg = Release|iPhone
		{51AD5233-59A6-4802-ADFA-65CB5FB43B56}.Ad-Hoc|Any CPU.ActiveCfg = Release|Any CPU
		{51AD5233-59A6-4802-ADFA-65CB5FB43B56}.Ad-Hoc|Any CPU.Build.0 = Release|Any CPU
		{51AD5233-59A6-4802-ADFA-65CB5FB43B56}.Ad-Hoc|Any CPU.Deploy.0 = Release|Any CPU
		{51AD5233-59A6-4802-ADFA-65CB5FB43B56}.Ad-Hoc|ARM.ActiveCfg = Release|ARM
		{51AD5233-59A6-4802-ADFA-65CB5FB43B56}.Ad-Hoc|ARM.Build.0 = Release|ARM
		{51AD5233-59A6-4802-ADFA-65CB5FB43B56}.Ad-Hoc|ARM.Deploy.0 = Release|ARM
		{51AD5233-59A6-4802-ADFA-65CB5FB43B56}.Ad-Hoc|iPhone.ActiveCfg = Release|Any CPU
		{51AD5233-59A6-4802-ADFA-65CB5FB43B56}.Ad-Hoc|iPhone.Build.0 = Release|Any CPU
		{51AD5233-59A6-4802-ADFA-65CB5FB43B56}.Ad-Hoc|iPhone.Deploy.0 = Release|Any CPU
		{51AD5233-59A6-4802-ADFA-65CB5FB43B56}.Ad-Hoc|iPhoneSimulator.ActiveCfg = Release|Any CPU
		{51AD5233-59A6-4802-ADFA-65CB5FB43B56}.Ad-Hoc|iPhoneSimulator.Build.0 = Release|Any CPU
		{51AD5233-59A6-4802-ADFA-65CB5FB43B56}.Ad-Hoc|iPhoneSimulator.Deploy.0 = Release|Any CPU
		{51AD5233-59A6-4802-ADFA-65CB5FB43B56}.Ad-Hoc|x64.ActiveCfg = Release|Any CPU
		{51AD5233-59A6-4802-ADFA-65CB5FB43B56}.Ad-Hoc|x64.Build.0 = Release|Any CPU
		{51AD5233-59A6-4802-ADFA-65CB5FB43B56}.Ad-Hoc|x64.Deploy.0 = Release|Any CPU
		{51AD5233-59A6-4802-ADFA-65CB5FB43B56}.Ad-Hoc|x86.ActiveCfg = Release|x86
		{51AD5233-59A6-4802-ADFA-65CB5FB43B56}.Ad-Hoc|x86.Build.0 = Release|x86
		{51AD5233-59A6-4802-ADFA-65CB5FB43B56}.Ad-Hoc|x86.Deploy.0 = Release|x86
		{51AD5233-59A6-4802-ADFA-65CB5FB43B56}.AppStore|Any CPU.ActiveCfg = Release|Any CPU
		{51AD5233-59A6-4802-ADFA-65CB5FB43B56}.AppStore|Any CPU.Build.0 = Release|Any CPU
		{51AD5233-59A6-4802-ADFA-65CB5FB43B56}.AppStore|Any CPU.Deploy.0 = Release|Any CPU
		{51AD5233-59A6-4802-ADFA-65CB5FB43B56}.AppStore|ARM.ActiveCfg = Release|ARM
		{51AD5233-59A6-4802-ADFA-65CB5FB43B56}.AppStore|ARM.Build.0 = Release|ARM
		{51AD5233-59A6-4802-ADFA-65CB5FB43B56}.AppStore|ARM.Deploy.0 = Release|ARM
		{51AD5233-59A6-4802-ADFA-65CB5FB43B56}.AppStore|iPhone.ActiveCfg = Release|Any CPU
		{51AD5233-59A6-4802-ADFA-65CB5FB43B56}.AppStore|iPhone.Build.0 = Release|Any CPU
		{51AD5233-59A6-4802-ADFA-65CB5FB43B56}.AppStore|iPhone.Deploy.0 = Release|Any CPU
		{51AD5233-59A6-4802-ADFA-65CB5FB43B56}.AppStore|iPhoneSimulator.ActiveCfg = Release|Any CPU
		{51AD5233-59A6-4802-ADFA-65CB5FB43B56}.AppStore|iPhoneSimulator.Build.0 = Release|Any CPU
		{51AD5233-59A6-4802-ADFA-65CB5FB43B56}.AppStore|iPhoneSimulator.Deploy.0 = Release|Any CPU
		{51AD5233-59A6-4802-ADFA-65CB5FB43B56}.AppStore|x64.ActiveCfg = Release|Any CPU
		{51AD5233-59A6-4802-ADFA-65CB5FB43B56}.AppStore|x64.Build.0 = Release|Any CPU
		{51AD5233-59A6-4802-ADFA-65CB5FB43B56}.AppStore|x64.Deploy.0 = Release|Any CPU
		{51AD5233-59A6-4802-ADFA-65CB5FB43B56}.AppStore|x86.ActiveCfg = Release|x86
		{51AD5233-59A6-4802-ADFA-65CB5FB43B56}.AppStore|x86.Build.0 = Release|x86
		{51AD5233-59A6-4802-ADFA-65CB5FB43B56}.AppStore|x86.Deploy.0 = Release|x86
		{51AD5233-59A6-4802-ADFA-65CB5FB43B56}.Debug|Any CPU.ActiveCfg = Debug|Any CPU
		{51AD5233-59A6-4802-ADFA-65CB5FB43B56}.Debug|Any CPU.Build.0 = Debug|Any CPU
		{51AD5233-59A6-4802-ADFA-65CB5FB43B56}.Debug|Any CPU.Deploy.0 = Debug|Any CPU
		{51AD5233-59A6-4802-ADFA-65CB5FB43B56}.Debug|ARM.ActiveCfg = Debug|ARM
		{51AD5233-59A6-4802-ADFA-65CB5FB43B56}.Debug|ARM.Build.0 = Debug|ARM
		{51AD5233-59A6-4802-ADFA-65CB5FB43B56}.Debug|ARM.Deploy.0 = Debug|ARM
		{51AD5233-59A6-4802-ADFA-65CB5FB43B56}.Debug|iPhone.ActiveCfg = Debug|Any CPU
		{51AD5233-59A6-4802-ADFA-65CB5FB43B56}.Debug|iPhone.Build.0 = Debug|Any CPU
		{51AD5233-59A6-4802-ADFA-65CB5FB43B56}.Debug|iPhone.Deploy.0 = Debug|Any CPU
		{51AD5233-59A6-4802-ADFA-65CB5FB43B56}.Debug|iPhoneSimulator.ActiveCfg = Debug|Any CPU
		{51AD5233-59A6-4802-ADFA-65CB5FB43B56}.Debug|iPhoneSimulator.Build.0 = Debug|Any CPU
		{51AD5233-59A6-4802-ADFA-65CB5FB43B56}.Debug|iPhoneSimulator.Deploy.0 = Debug|Any CPU
		{51AD5233-59A6-4802-ADFA-65CB5FB43B56}.Debug|x64.ActiveCfg = Debug|Any CPU
		{51AD5233-59A6-4802-ADFA-65CB5FB43B56}.Debug|x64.Build.0 = Debug|Any CPU
		{51AD5233-59A6-4802-ADFA-65CB5FB43B56}.Debug|x64.Deploy.0 = Debug|Any CPU
		{51AD5233-59A6-4802-ADFA-65CB5FB43B56}.Debug|x86.ActiveCfg = Debug|x86
		{51AD5233-59A6-4802-ADFA-65CB5FB43B56}.Debug|x86.Build.0 = Debug|x86
		{51AD5233-59A6-4802-ADFA-65CB5FB43B56}.Debug|x86.Deploy.0 = Debug|x86
		{51AD5233-59A6-4802-ADFA-65CB5FB43B56}.Release|Any CPU.ActiveCfg = Release|Any CPU
		{51AD5233-59A6-4802-ADFA-65CB5FB43B56}.Release|Any CPU.Build.0 = Release|Any CPU
		{51AD5233-59A6-4802-ADFA-65CB5FB43B56}.Release|Any CPU.Deploy.0 = Release|Any CPU
		{51AD5233-59A6-4802-ADFA-65CB5FB43B56}.Release|ARM.ActiveCfg = Release|ARM
		{51AD5233-59A6-4802-ADFA-65CB5FB43B56}.Release|ARM.Build.0 = Release|ARM
		{51AD5233-59A6-4802-ADFA-65CB5FB43B56}.Release|ARM.Deploy.0 = Release|ARM
		{51AD5233-59A6-4802-ADFA-65CB5FB43B56}.Release|iPhone.ActiveCfg = Release|Any CPU
		{51AD5233-59A6-4802-ADFA-65CB5FB43B56}.Release|iPhone.Build.0 = Release|Any CPU
		{51AD5233-59A6-4802-ADFA-65CB5FB43B56}.Release|iPhone.Deploy.0 = Release|Any CPU
		{51AD5233-59A6-4802-ADFA-65CB5FB43B56}.Release|iPhoneSimulator.ActiveCfg = Release|Any CPU
		{51AD5233-59A6-4802-ADFA-65CB5FB43B56}.Release|iPhoneSimulator.Build.0 = Release|Any CPU
		{51AD5233-59A6-4802-ADFA-65CB5FB43B56}.Release|iPhoneSimulator.Deploy.0 = Release|Any CPU
		{51AD5233-59A6-4802-ADFA-65CB5FB43B56}.Release|x64.ActiveCfg = Release|Any CPU
		{51AD5233-59A6-4802-ADFA-65CB5FB43B56}.Release|x64.Build.0 = Release|Any CPU
		{51AD5233-59A6-4802-ADFA-65CB5FB43B56}.Release|x64.Deploy.0 = Release|Any CPU
		{51AD5233-59A6-4802-ADFA-65CB5FB43B56}.Release|x86.ActiveCfg = Release|x86
		{51AD5233-59A6-4802-ADFA-65CB5FB43B56}.Release|x86.Build.0 = Release|x86
		{51AD5233-59A6-4802-ADFA-65CB5FB43B56}.Release|x86.Deploy.0 = Release|x86
		{ED3D4F10-B78A-4F22-83EB-675F77C05F1C}.Ad-Hoc|Any CPU.ActiveCfg = Release|Any CPU
		{ED3D4F10-B78A-4F22-83EB-675F77C05F1C}.Ad-Hoc|Any CPU.Build.0 = Release|Any CPU
		{ED3D4F10-B78A-4F22-83EB-675F77C05F1C}.Ad-Hoc|Any CPU.Deploy.0 = Release|Any CPU
		{ED3D4F10-B78A-4F22-83EB-675F77C05F1C}.Ad-Hoc|ARM.ActiveCfg = Release|ARM
		{ED3D4F10-B78A-4F22-83EB-675F77C05F1C}.Ad-Hoc|ARM.Build.0 = Release|ARM
		{ED3D4F10-B78A-4F22-83EB-675F77C05F1C}.Ad-Hoc|ARM.Deploy.0 = Release|ARM
		{ED3D4F10-B78A-4F22-83EB-675F77C05F1C}.Ad-Hoc|iPhone.ActiveCfg = Release|Any CPU
		{ED3D4F10-B78A-4F22-83EB-675F77C05F1C}.Ad-Hoc|iPhone.Build.0 = Release|Any CPU
		{ED3D4F10-B78A-4F22-83EB-675F77C05F1C}.Ad-Hoc|iPhone.Deploy.0 = Release|Any CPU
		{ED3D4F10-B78A-4F22-83EB-675F77C05F1C}.Ad-Hoc|iPhoneSimulator.ActiveCfg = Release|Any CPU
		{ED3D4F10-B78A-4F22-83EB-675F77C05F1C}.Ad-Hoc|iPhoneSimulator.Build.0 = Release|Any CPU
		{ED3D4F10-B78A-4F22-83EB-675F77C05F1C}.Ad-Hoc|iPhoneSimulator.Deploy.0 = Release|Any CPU
		{ED3D4F10-B78A-4F22-83EB-675F77C05F1C}.Ad-Hoc|x64.ActiveCfg = Release|x64
		{ED3D4F10-B78A-4F22-83EB-675F77C05F1C}.Ad-Hoc|x64.Build.0 = Release|x64
		{ED3D4F10-B78A-4F22-83EB-675F77C05F1C}.Ad-Hoc|x64.Deploy.0 = Release|x64
		{ED3D4F10-B78A-4F22-83EB-675F77C05F1C}.Ad-Hoc|x86.ActiveCfg = Release|x86
		{ED3D4F10-B78A-4F22-83EB-675F77C05F1C}.Ad-Hoc|x86.Build.0 = Release|x86
		{ED3D4F10-B78A-4F22-83EB-675F77C05F1C}.Ad-Hoc|x86.Deploy.0 = Release|x86
		{ED3D4F10-B78A-4F22-83EB-675F77C05F1C}.AppStore|Any CPU.ActiveCfg = Release|Any CPU
		{ED3D4F10-B78A-4F22-83EB-675F77C05F1C}.AppStore|Any CPU.Build.0 = Release|Any CPU
		{ED3D4F10-B78A-4F22-83EB-675F77C05F1C}.AppStore|Any CPU.Deploy.0 = Release|Any CPU
		{ED3D4F10-B78A-4F22-83EB-675F77C05F1C}.AppStore|ARM.ActiveCfg = Release|ARM
		{ED3D4F10-B78A-4F22-83EB-675F77C05F1C}.AppStore|ARM.Build.0 = Release|ARM
		{ED3D4F10-B78A-4F22-83EB-675F77C05F1C}.AppStore|ARM.Deploy.0 = Release|ARM
		{ED3D4F10-B78A-4F22-83EB-675F77C05F1C}.AppStore|iPhone.ActiveCfg = Release|Any CPU
		{ED3D4F10-B78A-4F22-83EB-675F77C05F1C}.AppStore|iPhone.Build.0 = Release|Any CPU
		{ED3D4F10-B78A-4F22-83EB-675F77C05F1C}.AppStore|iPhone.Deploy.0 = Release|Any CPU
		{ED3D4F10-B78A-4F22-83EB-675F77C05F1C}.AppStore|iPhoneSimulator.ActiveCfg = Release|Any CPU
		{ED3D4F10-B78A-4F22-83EB-675F77C05F1C}.AppStore|iPhoneSimulator.Build.0 = Release|Any CPU
		{ED3D4F10-B78A-4F22-83EB-675F77C05F1C}.AppStore|iPhoneSimulator.Deploy.0 = Release|Any CPU
		{ED3D4F10-B78A-4F22-83EB-675F77C05F1C}.AppStore|x64.ActiveCfg = Release|x64
		{ED3D4F10-B78A-4F22-83EB-675F77C05F1C}.AppStore|x64.Build.0 = Release|x64
		{ED3D4F10-B78A-4F22-83EB-675F77C05F1C}.AppStore|x64.Deploy.0 = Release|x64
		{ED3D4F10-B78A-4F22-83EB-675F77C05F1C}.AppStore|x86.ActiveCfg = Release|x86
		{ED3D4F10-B78A-4F22-83EB-675F77C05F1C}.AppStore|x86.Build.0 = Release|x86
		{ED3D4F10-B78A-4F22-83EB-675F77C05F1C}.AppStore|x86.Deploy.0 = Release|x86
		{ED3D4F10-B78A-4F22-83EB-675F77C05F1C}.Debug|Any CPU.ActiveCfg = Debug|Any CPU
		{ED3D4F10-B78A-4F22-83EB-675F77C05F1C}.Debug|Any CPU.Build.0 = Debug|Any CPU
		{ED3D4F10-B78A-4F22-83EB-675F77C05F1C}.Debug|Any CPU.Deploy.0 = Debug|Any CPU
		{ED3D4F10-B78A-4F22-83EB-675F77C05F1C}.Debug|ARM.ActiveCfg = Debug|ARM
		{ED3D4F10-B78A-4F22-83EB-675F77C05F1C}.Debug|ARM.Build.0 = Debug|ARM
		{ED3D4F10-B78A-4F22-83EB-675F77C05F1C}.Debug|ARM.Deploy.0 = Debug|ARM
		{ED3D4F10-B78A-4F22-83EB-675F77C05F1C}.Debug|iPhone.ActiveCfg = Debug|Any CPU
		{ED3D4F10-B78A-4F22-83EB-675F77C05F1C}.Debug|iPhone.Build.0 = Debug|Any CPU
		{ED3D4F10-B78A-4F22-83EB-675F77C05F1C}.Debug|iPhone.Deploy.0 = Debug|Any CPU
		{ED3D4F10-B78A-4F22-83EB-675F77C05F1C}.Debug|iPhoneSimulator.ActiveCfg = Debug|Any CPU
		{ED3D4F10-B78A-4F22-83EB-675F77C05F1C}.Debug|iPhoneSimulator.Build.0 = Debug|Any CPU
		{ED3D4F10-B78A-4F22-83EB-675F77C05F1C}.Debug|iPhoneSimulator.Deploy.0 = Debug|Any CPU
		{ED3D4F10-B78A-4F22-83EB-675F77C05F1C}.Debug|x64.ActiveCfg = Debug|x64
		{ED3D4F10-B78A-4F22-83EB-675F77C05F1C}.Debug|x64.Build.0 = Debug|x64
		{ED3D4F10-B78A-4F22-83EB-675F77C05F1C}.Debug|x64.Deploy.0 = Debug|x64
		{ED3D4F10-B78A-4F22-83EB-675F77C05F1C}.Debug|x86.ActiveCfg = Debug|x86
		{ED3D4F10-B78A-4F22-83EB-675F77C05F1C}.Debug|x86.Build.0 = Debug|x86
		{ED3D4F10-B78A-4F22-83EB-675F77C05F1C}.Debug|x86.Deploy.0 = Debug|x86
		{ED3D4F10-B78A-4F22-83EB-675F77C05F1C}.Release|Any CPU.ActiveCfg = Release|Any CPU
		{ED3D4F10-B78A-4F22-83EB-675F77C05F1C}.Release|Any CPU.Build.0 = Release|Any CPU
		{ED3D4F10-B78A-4F22-83EB-675F77C05F1C}.Release|Any CPU.Deploy.0 = Release|Any CPU
		{ED3D4F10-B78A-4F22-83EB-675F77C05F1C}.Release|ARM.ActiveCfg = Release|ARM
		{ED3D4F10-B78A-4F22-83EB-675F77C05F1C}.Release|ARM.Build.0 = Release|ARM
		{ED3D4F10-B78A-4F22-83EB-675F77C05F1C}.Release|ARM.Deploy.0 = Release|ARM
		{ED3D4F10-B78A-4F22-83EB-675F77C05F1C}.Release|iPhone.ActiveCfg = Release|Any CPU
		{ED3D4F10-B78A-4F22-83EB-675F77C05F1C}.Release|iPhone.Build.0 = Release|Any CPU
		{ED3D4F10-B78A-4F22-83EB-675F77C05F1C}.Release|iPhone.Deploy.0 = Release|Any CPU
		{ED3D4F10-B78A-4F22-83EB-675F77C05F1C}.Release|iPhoneSimulator.ActiveCfg = Release|Any CPU
		{ED3D4F10-B78A-4F22-83EB-675F77C05F1C}.Release|iPhoneSimulator.Build.0 = Release|Any CPU
		{ED3D4F10-B78A-4F22-83EB-675F77C05F1C}.Release|iPhoneSimulator.Deploy.0 = Release|Any CPU
		{ED3D4F10-B78A-4F22-83EB-675F77C05F1C}.Release|x64.ActiveCfg = Release|x64
		{ED3D4F10-B78A-4F22-83EB-675F77C05F1C}.Release|x64.Build.0 = Release|x64
		{ED3D4F10-B78A-4F22-83EB-675F77C05F1C}.Release|x64.Deploy.0 = Release|x64
		{ED3D4F10-B78A-4F22-83EB-675F77C05F1C}.Release|x86.ActiveCfg = Release|x86
		{ED3D4F10-B78A-4F22-83EB-675F77C05F1C}.Release|x86.Build.0 = Release|x86
		{ED3D4F10-B78A-4F22-83EB-675F77C05F1C}.Release|x86.Deploy.0 = Release|x86
	EndGlobalSection
	GlobalSection(SolutionProperties) = preSolution
		HideSolutionNode = FALSE
	EndGlobalSection
EndGlobal
